
Microsoft Visual Studio Solution File, Format Version 12.00
# Visual Studio Version 17
VisualStudioVersion = 17.11.35222.181
MinimumVisualStudioVersion = 10.0.40219.1
Project("{FAE04EC0-301F-11D3-BF4B-00C04F79EFBC}") = "MonogamePieChartSample", "MonogamePieChartSample\MonogamePieChartSample.csproj", "{DDCB1745-C122-426E-A10E-E359359F7C72}"
EndProject
Global
	GlobalSection(SolutionConfigurationPlatforms) = preSolution
		Debug|Any CPU = Debug|Any CPU
		Release|Any CPU = Release|Any CPU
	EndGlobalSection
	GlobalSection(ProjectConfigurationPlatforms) = postSolution
		{DDCB1745-C122-426E-A10E-E359359F7C72}.Debug|Any CPU.ActiveCfg = Debug|Any CPU
		{DDCB1745-C122-426E-A10E-E359359F7C72}.Debug|Any CPU.Build.0 = Debug|Any CPU
		{DDCB1745-C122-426E-A10E-E359359F7C72}.Release|Any CPU.ActiveCfg = Release|Any CPU
		{DDCB1745-C122-426E-A10E-E359359F7C72}.Release|Any CPU.Build.0 = Release|Any CPU
	EndGlobalSection
	GlobalSection(SolutionProperties) = preSolution
		HideSolutionNode = FALSE
	EndGlobalSection
	GlobalSection(ExtensibilityGlobals) = postSolution
		SolutionGuid = {1DAF2395-B537-4CF7-ABDC-E6BB264046A5}
	EndGlobalSection
EndGlobal
